<Solution>
  <Folder Name="/solution-items/">
    <File Path=".gitattributes" />
    <File Path=".gitignore" />
    <File Path="common.props" />
    <File Path="configureawait.props" />
    <File Path="LICENSE.md" />
    <File Path="README.md" />
  </Folder>
  <Folder Name="/src/">
    <Project Path="src/Abp.AspNetCore.OData/Abp.AspNetCore.OData.csproj" />
    <Project Path="src/Abp.AspNetCore.OpenIddict/Abp.AspNetCore.OpenIddict.csproj" />
    <Project Path="src/Abp.AspNetCore.PerRequestRedisCache/Abp.AspNetCore.PerRequestRedisCache.csproj" />
    <Project Path="src/Abp.AspNetCore.SignalR/Abp.AspNetCore.SignalR.csproj" />
    <Project Path="src/Abp.AspNetCore.TestBase/Abp.AspNetCore.TestBase.csproj" />
    <Project Path="src/Abp.AspNetCore/Abp.AspNetCore.csproj" />
    <Project Path="src/Abp.AutoMapper/Abp.AutoMapper.csproj" />
    <Project Path="src/Abp.BlobStoring.Azure/Abp.BlobStoring.Azure.csproj" />
    <Project Path="src/Abp.BlobStoring.FileSystem/Abp.BlobStoring.FileSystem.csproj" />
    <Project Path="src/Abp.BlobStoring/Abp.BlobStoring.csproj" />
    <Project Path="src/Abp.Castle.Log4Net/Abp.Castle.Log4Net.csproj" />
    <Project Path="src/Abp.Dapper/Abp.Dapper.csproj" />
    <Project Path="src/Abp.EntityFramework.Common/Abp.EntityFramework.Common.csproj" />
    <Project Path="src/Abp.EntityFramework/Abp.EntityFramework.csproj" />
    <Project Path="src/Abp.EntityFrameworkCore/Abp.EntityFrameworkCore.csproj" />
    <Project Path="src/Abp.FluentMigrator/Abp.FluentMigrator.csproj" />
    <Project Path="src/Abp.FluentValidation/Abp.FluentValidation.csproj" />
    <Project Path="src/Abp.HangFire.AspNetCore/Abp.HangFire.AspNetCore.csproj" />
    <Project Path="src/Abp.HangFire/Abp.HangFire.csproj" />
    <Project Path="src/Abp.HtmlSanitizer/Abp.HtmlSanitizer.csproj" />
    <Project Path="src/Abp.MailKit/Abp.MailKit.csproj" />
    <Project Path="src/Abp.MemoryDb/Abp.MemoryDb.csproj" />
    <Project Path="src/Abp.MongoDB/Abp.MongoDB.csproj" />
    <Project Path="src/Abp.NHibernate/Abp.NHibernate.csproj" />
    <Project Path="src/Abp.Quartz/Abp.Quartz.csproj" />
    <Project Path="src/Abp.RedisCache.ProtoBuf/Abp.RedisCache.ProtoBuf.csproj" />
    <Project Path="src/Abp.RedisCache/Abp.RedisCache.csproj" />
    <Project Path="src/Abp.TestBase/Abp.TestBase.csproj" />
    <Project Path="src/Abp.Web.Common/Abp.Web.Common.csproj" />
    <Project Path="src/Abp.Web.Resources/Abp.Web.Resources.csproj" />
    <Project Path="src/Abp.Zero.Common/Abp.Zero.Common.csproj" />
    <Project Path="src/Abp.Zero.Ldap/Abp.Zero.Ldap.csproj" />
    <Project Path="src/Abp.ZeroCore.EntityFramework/Abp.ZeroCore.EntityFramework.csproj" />
    <Project Path="src/Abp.ZeroCore.EntityFrameworkCore/Abp.ZeroCore.EntityFrameworkCore.csproj" />
    <Project Path="src/Abp.ZeroCore.NHibernate/Abp.ZeroCore.NHibernate.csproj" />
    <Project Path="src/Abp.ZeroCore.OpenIddict.EntityFrameworkCore/Abp.ZeroCore.OpenIddict.EntityFrameworkCore.csproj" />
    <Project Path="src/Abp.ZeroCore.OpenIddict/Abp.ZeroCore.OpenIddict.csproj" />
    <Project Path="src/Abp.ZeroCore/Abp.ZeroCore.csproj" />
    <Project Path="src/Abp/Abp.csproj" />
  </Folder>
  <Folder Name="/test/">
    <Project Path="test/Abp.AspNetCore.Tests/Abp.AspNetCore.Tests.csproj" />
    <Project Path="test/Abp.AutoMapper.Tests/Abp.AutoMapper.Tests.csproj" />
    <Project Path="test/Abp.BlobStoring.Azure.Tests/Abp.BlobStoring.Azure.Tests.csproj" />
    <Project Path="test/Abp.BlobStoring.FileSystem.Tests/Abp.BlobStoring.FileSystem.Tests.csproj" />
    <Project Path="test/Abp.BlobStoring.Tests/Abp.BlobStoring.Tests.csproj" />
    <Project Path="test/Abp.Castle.Log4Net.Tests/Abp.Castle.Log4Net.Tests.csproj" />
    <Project Path="test/Abp.Dapper.Tests/Abp.Dapper.Tests.csproj" />
    <Project Path="test/Abp.EntityFrameworkCore.Dapper.Tests/Abp.EntityFrameworkCore.Dapper.Tests.csproj" />
    <Project Path="test/Abp.EntityFrameworkCore.Tests/Abp.EntityFrameworkCore.Tests.csproj" />
    <Project Path="test/Abp.MailKit.Tests/Abp.MailKit.Tests.csproj" />
    <Project Path="test/Abp.MemoryDb.Tests/Abp.MemoryDb.Tests.csproj" />
    <Project Path="test/Abp.Quartz.Tests/Abp.Quartz.Tests.csproj" />
    <Project Path="test/Abp.RedisCache.Tests/Abp.RedisCache.Tests.csproj" />
    <Project Path="test/Abp.TestBase.Tests/Abp.TestBase.Tests.csproj" />
    <Project Path="test/Abp.Tests/Abp.Tests.csproj" />
    <Project Path="test/Abp.Web.Common.Tests/Abp.Web.Common.Tests.csproj" />
    <Project Path="test/Abp.ZeroCore.SampleApp/Abp.ZeroCore.SampleApp.csproj" />
    <Project Path="test/Abp.ZeroCore.Tests/Abp.ZeroCore.Tests.csproj" />
  </Folder>
  <Folder Name="/test/aspnet-core-demo/">
    <Project Path="test/aspnet-core-demo/AbpAspNetCoreDemo.Core/AbpAspNetCoreDemo.Core.csproj" />
    <Project Path="test/aspnet-core-demo/AbpAspNetCoreDemo.PlugIn/AbpAspNetCoreDemo.PlugIn.csproj" />
    <Project Path="test/aspnet-core-demo/AbpAspNetCoreDemo.Tests/AbpAspNetCoreDemo.IntegrationTests.csproj" />
    <Project Path="test/aspnet-core-demo/AbpAspNetCoreDemo/AbpAspNetCoreDemo.csproj" />
  </Folder>
  <Folder Name="/test/aspnet-mvc-demo/" />
</Solution>
